# This file is automatically @generated by Cargo.
# It is not intended for manual editing.
version = 3

[[package]]
name = "anyhow"
version = "1.0.44"
source = "registry+https://github.com/rust-lang/crates.io-index"
checksum = "61604a8f862e1d5c3229fdd78f8b02c68dcf73a4c4b05fd636d12240aaa242c1"

[[package]]
name = "cargo-appimage"
version = "0.1.2"
dependencies = [
 "anyhow",
 "cargo_toml",
 "fs_extra",
 "platforms",
]

[[package]]
name = "cargo_toml"
version = "0.9.2"
source = "registry+https://github.com/rust-lang/crates.io-index"
checksum = "9c3596addfb02dcdc06f5252ddda9f3785f9230f5827fb4284645240fa05ad92"
dependencies = [
 "serde",
 "serde_derive",
 "toml",
]

[[package]]
name = "fs_extra"
version = "1.2.0"
source = "registry+https://github.com/rust-lang/crates.io-index"
checksum = "2022715d62ab30faffd124d40b76f4134a550a87792276512b18d63272333394"

[[package]]
name = "platforms"
version = "1.1.0"
source = "registry+https://github.com/rust-lang/crates.io-index"
checksum = "989d43012e2ca1c4a02507c67282691a0a3207f9dc67cec596b43fe925b3d325"

[[package]]
name = "proc-macro2"
version = "1.0.30"
source = "registry+https://github.com/rust-lang/crates.io-index"
checksum = "edc3358ebc67bc8b7fa0c007f945b0b18226f78437d61bec735a9eb96b61ee70"
dependencies = [
 "unicode-xid",
]

[[package]]
name = "quote"
version = "1.0.10"
source = "registry+https://github.com/rust-lang/crates.io-index"
checksum = "38bc8cc6a5f2e3655e0899c1b848643b2562f853f114bfec7be120678e3ace05"
dependencies = [
 "proc-macro2",
]

[[package]]
name = "serde"
version = "1.0.130"
source = "registry+https://github.com/rust-lang/crates.io-index"
checksum = "f12d06de37cf59146fbdecab66aa99f9fe4f78722e3607577a5375d66bd0c913"

[[package]]
name = "serde_derive"
version = "1.0.130"
source = "registry+https://github.com/rust-lang/crates.io-index"
checksum = "d7bc1a1ab1961464eae040d96713baa5a724a8152c1222492465b54322ec508b"
dependencies = [
 "proc-macro2",
 "quote",
 "syn",
]

[[package]]
name = "syn"
version = "1.0.80"
source = "registry+https://github.com/rust-lang/crates.io-index"
checksum = "d010a1623fbd906d51d650a9916aaefc05ffa0e4053ff7fe601167f3e715d194"
dependencies = [
 "proc-macro2",
 "quote",
 "unicode-xid",
]

[[package]]
name = "toml"
version = "0.5.8"
source = "registry+https://github.com/rust-lang/crates.io-index"
checksum = "a31142970826733df8241ef35dc040ef98c679ab14d7c3e54d827099b3acecaa"
dependencies = [
 "serde",
]

[[package]]
name = "unicode-xid"
version = "0.2.2"
source = "registry+https://github.com/rust-lang/crates.io-index"
checksum = "8ccb82d61f80a663efe1f787a51b16b5a51e3314d6ac365b08639f52387b33f3"
